
Microsoft Visual Studio Solution File, Format Version 12.00
# Visual Studio 15
VisualStudioVersion = 15.0.28307.438
MinimumVisualStudioVersion = 10.0.40219.1
Project("{FAE04EC0-301F-11D3-BF4B-00C04F79EFBC}") = "Examen5-6", "Examen5-6\Examen5-6.csproj", "{78789DBF-7071-4113-85C3-63CDF40C0DC7}"
EndProject
Global
	GlobalSection(SolutionConfigurationPlatforms) = preSolution
		Debug|Any CPU = Debug|Any CPU
		Release|Any CPU = Release|Any CPU
	EndGlobalSection
	GlobalSection(ProjectConfigurationPlatforms) = postSolution
		{78789DBF-7071-4113-85C3-63CDF40C0DC7}.Debug|Any CPU.ActiveCfg = Debug|Any CPU
		{78789DBF-7071-4113-85C3-63CDF40C0DC7}.Debug|Any CPU.Build.0 = Debug|Any CPU
		{78789DBF-7071-4113-85C3-63CDF40C0DC7}.Release|Any CPU.ActiveCfg = Release|Any CPU
		{78789DBF-7071-4113-85C3-63CDF40C0DC7}.Release|Any CPU.Build.0 = Release|Any CPU
	EndGlobalSection
	GlobalSection(SolutionProperties) = preSolution
		HideSolutionNode = FALSE
	EndGlobalSection
	GlobalSection(ExtensibilityGlobals) = postSolution
		SolutionGuid = {B447EB63-3F49-4707-B644-18C73E33A5A7}
	EndGlobalSection
EndGlobal
